{
  "nodes": {
    "flakeNimbleLib": {
      "inputs": {
        "nixpkgs": [
          "nixpkgs"
        ]
      },
      "locked": {
        "lastModified": 1662018438,
        "narHash": "sha256-QtNtU6+LX3Wokxf0zlFwKTFOcn6TeDjKQZ+DA9OYtvM=",
        "owner": "riinr",
        "repo": "nim-flakes-lib",
        "rev": "b1fe8340736e3a85d25c709ac3dfd82a55c03cbf",
        "type": "github"
      },
      "original": {
        "owner": "riinr",
        "ref": "master",
        "repo": "nim-flakes-lib",
        "type": "github"
      }
    },
    "nimcat-master": {
      "inputs": {
        "flakeNimbleLib": [
          "flakeNimbleLib"
        ],
        "nixpkgs": [
          "nixpkgs"
        ],
        "src-nimcat-master": "src-nimcat-master"
      },
      "locked": {
        "dir": "master",
        "lastModified": 1662254648,
        "narHash": "sha256-QGtlR6U+pW+hYtfU5sPBb43Ddk8iwDnxzmIVu+JTvYE=",
        "owner": "nim-nix-pkgs",
        "repo": "nimcat",
        "rev": "b1a4786eef966a3c308d608c075f22406e800a89",
        "type": "github"
      },
      "original": {
        "dir": "master",
        "owner": "nim-nix-pkgs",
        "ref": "master",
        "repo": "nimcat",
        "type": "github"
      }
    },
    "nixpkgs": {
      "locked": {
        "lastModified": 1667110639,
        "narHash": "sha256-4FbPESZ5LbqQxkJJJBAfk/zKgF9h/4kyUwjjpJwYlbc=",
        "owner": "NixOS",
        "repo": "nixpkgs",
        "rev": "f38a1f04d1bec1feb61fd101a0539ae2002a7087",
        "type": "github"
      },
      "original": {
        "id": "nixpkgs",
        "type": "indirect"
      }
    },
    "root": {
      "inputs": {
        "flakeNimbleLib": "flakeNimbleLib",
        "nimcat-master": "nimcat-master",
        "nixpkgs": "nixpkgs"
      }
    },
    "src-nimcat-master": {
      "flake": false,
      "locked": {
        "lastModified": 1449877492,
        "narHash": "sha256-D3UYzfF34vIT9Ve1dRMDc72UMXKA42sejvh2vBJq+hs=",
        "owner": "shakna-israel",
        "repo": "nimcat",
        "rev": "fe85ddb490b33cdabbb1de37e894a6e6b8792b49",
        "type": "github"
      },
      "original": {
        "owner": "shakna-israel",
        "ref": "refs/heads/master",
        "repo": "nimcat",
        "type": "github"
      }
    }
  },
  "root": "root",
  "version": 7
}
