{
  "nodes": {
    "flakeNimbleLib": {
      "inputs": {
        "nixpkgs": [
          "nixpkgs"
        ]
      },
      "locked": {
        "lastModified": 1662018438,
        "narHash": "sha256-QtNtU6+LX3Wokxf0zlFwKTFOcn6TeDjKQZ+DA9OYtvM=",
        "owner": "riinr",
        "repo": "nim-flakes-lib",
        "rev": "b1fe8340736e3a85d25c709ac3dfd82a55c03cbf",
        "type": "github"
      },
      "original": {
        "owner": "riinr",
        "ref": "master",
        "repo": "nim-flakes-lib",
        "type": "github"
      }
    },
    "nimcat-master": {
      "inputs": {
        "flakeNimbleLib": [
          "flakeNimbleLib"
        ],
        "nixpkgs": [
          "nixpkgs"
        ],
        "src-nimcat-master": "src-nimcat-master"
      },
      "locked": {
        "dir": "master",
        "lastModified": 1667322476,
        "narHash": "sha256-DDuIxPLf0eo87smPdizofr3z1x+lNEP6Z2YYs+zFJk0=",
        "owner": "nim-nix-pkgs",
        "repo": "nimcat",
        "rev": "3459f200fc8eab47c5051bdd585f68d80f4af706",
        "type": "github"
      },
      "original": {
        "dir": "master",
        "owner": "nim-nix-pkgs",
        "ref": "master",
        "repo": "nimcat",
        "type": "github"
      }
    },
    "nixpkgs": {
      "locked": {
        "lastModified": 1667199707,
        "narHash": "sha256-I2Js3Y7gUyVSEXPULHlBoRek4Lh85vnevdS6mdvDNLI=",
        "owner": "NixOS",
        "repo": "nixpkgs",
        "rev": "ced197be72099edcfa68ebed8b87af7b04851f45",
        "type": "github"
      },
      "original": {
        "id": "nixpkgs",
        "type": "indirect"
      }
    },
    "root": {
      "inputs": {
        "flakeNimbleLib": "flakeNimbleLib",
        "nimcat-master": "nimcat-master",
        "nixpkgs": "nixpkgs"
      }
    },
    "src-nimcat-master": {
      "flake": false,
      "locked": {
        "lastModified": 1449877492,
        "narHash": "sha256-D3UYzfF34vIT9Ve1dRMDc72UMXKA42sejvh2vBJq+hs=",
        "owner": "shakna-israel",
        "repo": "nimcat",
        "rev": "fe85ddb490b33cdabbb1de37e894a6e6b8792b49",
        "type": "github"
      },
      "original": {
        "owner": "shakna-israel",
        "ref": "refs/heads/master",
        "repo": "nimcat",
        "type": "github"
      }
    }
  },
  "root": "root",
  "version": 7
}
